
Microsoft Visual Studio Solution File, Format Version 12.00
# Visual Studio 15
VisualStudioVersion = 15.0.26228.4
MinimumVisualStudioVersion = 10.0.40219.1
Project("{FAE04EC0-301F-11D3-BF4B-00C04F79EFBC}") = "GitDataExplorer", "GitDataExplorer.csproj", "{792F1F78-AFFF-4BD9-86E0-4FEF9071379E}"
EndProject
Project("{FAE04EC0-301F-11D3-BF4B-00C04F79EFBC}") = "GitDataExplorerUnitTests", "..\GitDataExplorerUnitTests\GitDataExplorerUnitTests.csproj", "{850FDADD-8B26-4FBD-8518-29110EF3B4ED}"
EndProject
Global
	GlobalSection(SolutionConfigurationPlatforms) = preSolution
		Debug|Any CPU = Debug|Any CPU
		Release|Any CPU = Release|Any CPU
	EndGlobalSection
	GlobalSection(ProjectConfigurationPlatforms) = postSolution
		{792F1F78-AFFF-4BD9-86E0-4FEF9071379E}.Debug|Any CPU.ActiveCfg = Debug|Any CPU
		{792F1F78-AFFF-4BD9-86E0-4FEF9071379E}.Debug|Any CPU.Build.0 = Debug|Any CPU
		{792F1F78-AFFF-4BD9-86E0-4FEF9071379E}.Release|Any CPU.ActiveCfg = Release|Any CPU
		{792F1F78-AFFF-4BD9-86E0-4FEF9071379E}.Release|Any CPU.Build.0 = Release|Any CPU
		{850FDADD-8B26-4FBD-8518-29110EF3B4ED}.Debug|Any CPU.ActiveCfg = Debug|Any CPU
		{850FDADD-8B26-4FBD-8518-29110EF3B4ED}.Debug|Any CPU.Build.0 = Debug|Any CPU
		{850FDADD-8B26-4FBD-8518-29110EF3B4ED}.Release|Any CPU.ActiveCfg = Release|Any CPU
		{850FDADD-8B26-4FBD-8518-29110EF3B4ED}.Release|Any CPU.Build.0 = Release|Any CPU
	EndGlobalSection
	GlobalSection(SolutionProperties) = preSolution
		HideSolutionNode = FALSE
	EndGlobalSection
EndGlobal
